
Microsoft Visual Studio Solution File, Format Version 12.00
# Visual Studio Version 16
VisualStudioVersion = 16.0.30804.86
MinimumVisualStudioVersion = 10.0.40219.1
Project("{FAE04EC0-301F-11D3-BF4B-00C04F79EFBC}") = "Enum1_CSharp", "Enum1_CSharp\Enum1_CSharp.csproj", "{7EB9B759-32A1-4957-8776-D10368689263}"
EndProject
Global
	GlobalSection(SolutionConfigurationPlatforms) = preSolution
		Debug|Any CPU = Debug|Any CPU
		Release|Any CPU = Release|Any CPU
	EndGlobalSection
	GlobalSection(ProjectConfigurationPlatforms) = postSolution
		{7EB9B759-32A1-4957-8776-D10368689263}.Debug|Any CPU.ActiveCfg = Debug|Any CPU
		{7EB9B759-32A1-4957-8776-D10368689263}.Debug|Any CPU.Build.0 = Debug|Any CPU
		{7EB9B759-32A1-4957-8776-D10368689263}.Release|Any CPU.ActiveCfg = Release|Any CPU
		{7EB9B759-32A1-4957-8776-D10368689263}.Release|Any CPU.Build.0 = Release|Any CPU
	EndGlobalSection
	GlobalSection(SolutionProperties) = preSolution
		HideSolutionNode = FALSE
	EndGlobalSection
	GlobalSection(ExtensibilityGlobals) = postSolution
		SolutionGuid = {857B34C2-756A-4CC8-95BF-FDFA1FAF4C5B}
	EndGlobalSection
EndGlobal
